
Microsoft Visual Studio Solution File, Format Version 12.00
# Visual Studio Version 17
VisualStudioVersion = 17.14.36408.4 d17.14
MinimumVisualStudioVersion = 10.0.40219.1
Project("{FAE04EC0-301F-11D3-BF4B-00C04F79EFBC}") = "SmartFruit.Web", "SmartFruit.Web\SmartFruit.Web.csproj", "{4BDA9225-180B-4A82-9CF6-4942734FD477}"
EndProject
Global
	GlobalSection(SolutionConfigurationPlatforms) = preSolution
		Debug|Any CPU = Debug|Any CPU
		Release|Any CPU = Release|Any CPU
	EndGlobalSection
	GlobalSection(ProjectConfigurationPlatforms) = postSolution
		{4BDA9225-180B-4A82-9CF6-4942734FD477}.Debug|Any CPU.ActiveCfg = Debug|Any CPU
		{4BDA9225-180B-4A82-9CF6-4942734FD477}.Debug|Any CPU.Build.0 = Debug|Any CPU
		{4BDA9225-180B-4A82-9CF6-4942734FD477}.Release|Any CPU.ActiveCfg = Release|Any CPU
		{4BDA9225-180B-4A82-9CF6-4942734FD477}.Release|Any CPU.Build.0 = Release|Any CPU
	EndGlobalSection
	GlobalSection(SolutionProperties) = preSolution
		HideSolutionNode = FALSE
	EndGlobalSection
	GlobalSection(ExtensibilityGlobals) = postSolution
		SolutionGuid = {F9806324-27A3-4FB2-B59B-86D3173BCE65}
	EndGlobalSection
EndGlobal
